
Microsoft Visual Studio Solution File, Format Version 12.00
# Visual Studio 14
VisualStudioVersion = 14.0.25420.1
MinimumVisualStudioVersion = 10.0.40219.1
Project("{FAE04EC0-301F-11D3-BF4B-00C04F79EFBC}") = "WPF_project_3972_0394", "WPF_project_3972_0394\WPF_project_3972_0394.csproj", "{D373C62E-04ED-4998-9D15-FD572C366838}"
EndProject
Global
	GlobalSection(SolutionConfigurationPlatforms) = preSolution
		Debug|Any CPU = Debug|Any CPU
		Release|Any CPU = Release|Any CPU
	EndGlobalSection
	GlobalSection(ProjectConfigurationPlatforms) = postSolution
		{D373C62E-04ED-4998-9D15-FD572C366838}.Debug|Any CPU.ActiveCfg = Debug|Any CPU
		{D373C62E-04ED-4998-9D15-FD572C366838}.Debug|Any CPU.Build.0 = Debug|Any CPU
		{D373C62E-04ED-4998-9D15-FD572C366838}.Release|Any CPU.ActiveCfg = Release|Any CPU
		{D373C62E-04ED-4998-9D15-FD572C366838}.Release|Any CPU.Build.0 = Release|Any CPU
	EndGlobalSection
	GlobalSection(SolutionProperties) = preSolution
		HideSolutionNode = FALSE
	EndGlobalSection
EndGlobal
